
Microsoft Visual Studio Solution File, Format Version 12.00
# Visual Studio 15
VisualStudioVersion = 15.0.28307.489
MinimumVisualStudioVersion = 10.0.40219.1
Project("{FAE04EC0-301F-11D3-BF4B-00C04F79EFBC}") = "Delegates_3", "Delegates_3\Delegates_3.csproj", "{292F2E3B-140F-4DAA-ACFA-3235ECD6D98D}"
EndProject
Global
	GlobalSection(SolutionConfigurationPlatforms) = preSolution
		Debug|Any CPU = Debug|Any CPU
		Release|Any CPU = Release|Any CPU
	EndGlobalSection
	GlobalSection(ProjectConfigurationPlatforms) = postSolution
		{292F2E3B-140F-4DAA-ACFA-3235ECD6D98D}.Debug|Any CPU.ActiveCfg = Debug|Any CPU
		{292F2E3B-140F-4DAA-ACFA-3235ECD6D98D}.Debug|Any CPU.Build.0 = Debug|Any CPU
		{292F2E3B-140F-4DAA-ACFA-3235ECD6D98D}.Release|Any CPU.ActiveCfg = Release|Any CPU
		{292F2E3B-140F-4DAA-ACFA-3235ECD6D98D}.Release|Any CPU.Build.0 = Release|Any CPU
	EndGlobalSection
	GlobalSection(SolutionProperties) = preSolution
		HideSolutionNode = FALSE
	EndGlobalSection
	GlobalSection(ExtensibilityGlobals) = postSolution
		SolutionGuid = {705D27A1-CE33-4D3D-A0F8-3A3B352E5C6C}
	EndGlobalSection
EndGlobal
